
Microsoft Visual Studio Solution File, Format Version 12.00
# Visual Studio Version 17
VisualStudioVersion = 17.5.33516.290
MinimumVisualStudioVersion = 10.0.40219.1
Project("{9A19103F-16F7-4668-BE54-9A1E7A4F7556}") = "Onicorn.CRMApp.API", "Onicorn.CRMApp.API\Onicorn.CRMApp.API.csproj", "{2B87E2D1-36F7-4FD9-96FD-CAF8A126BBC3}"
EndProject
Project("{9A19103F-16F7-4668-BE54-9A1E7A4F7556}") = "Onicorn.CRMApp.Entities", "Onicorn.CRMApp.Entities\Onicorn.CRMApp.Entities.csproj", "{6F79A58D-AE29-4081-9117-A284E790996B}"
EndProject
Project("{FAE04EC0-301F-11D3-BF4B-00C04F79EFBC}") = "Onicorn.CRMApp.DataAccess", "Onicorn.CRMApp.DataAccess\Onicorn.CRMApp.DataAccess.csproj", "{7F90187B-201C-4B95-9235-80B7F203F259}"
EndProject
Global
	GlobalSection(SolutionConfigurationPlatforms) = preSolution
		Debug|Any CPU = Debug|Any CPU
		Release|Any CPU = Release|Any CPU
	EndGlobalSection
	GlobalSection(ProjectConfigurationPlatforms) = postSolution
		{2B87E2D1-36F7-4FD9-96FD-CAF8A126BBC3}.Debug|Any CPU.ActiveCfg = Debug|Any CPU
		{2B87E2D1-36F7-4FD9-96FD-CAF8A126BBC3}.Debug|Any CPU.Build.0 = Debug|Any CPU
		{2B87E2D1-36F7-4FD9-96FD-CAF8A126BBC3}.Release|Any CPU.ActiveCfg = Release|Any CPU
		{2B87E2D1-36F7-4FD9-96FD-CAF8A126BBC3}.Release|Any CPU.Build.0 = Release|Any CPU
		{6F79A58D-AE29-4081-9117-A284E790996B}.Debug|Any CPU.ActiveCfg = Debug|Any CPU
		{6F79A58D-AE29-4081-9117-A284E790996B}.Debug|Any CPU.Build.0 = Debug|Any CPU
		{6F79A58D-AE29-4081-9117-A284E790996B}.Release|Any CPU.ActiveCfg = Release|Any CPU
		{6F79A58D-AE29-4081-9117-A284E790996B}.Release|Any CPU.Build.0 = Release|Any CPU
		{7F90187B-201C-4B95-9235-80B7F203F259}.Debug|Any CPU.ActiveCfg = Debug|Any CPU
		{7F90187B-201C-4B95-9235-80B7F203F259}.Debug|Any CPU.Build.0 = Debug|Any CPU
		{7F90187B-201C-4B95-9235-80B7F203F259}.Release|Any CPU.ActiveCfg = Release|Any CPU
		{7F90187B-201C-4B95-9235-80B7F203F259}.Release|Any CPU.Build.0 = Release|Any CPU
	EndGlobalSection
	GlobalSection(SolutionProperties) = preSolution
		HideSolutionNode = FALSE
	EndGlobalSection
	GlobalSection(ExtensibilityGlobals) = postSolution
		SolutionGuid = {8AFB0705-6933-4425-8067-14F0B493D13E}
	EndGlobalSection
EndGlobal
